// !$*UTF8*$!
{
	archiveVersion = 1;
	classes = {
	};
	objectVersion = 50;
	objects = {

/* Begin PBXBuildFile section */
		899088A524BEC4360023F798 /* AppDelegate.swift in Sources */ = {isa = PBXBuildFile; fileRef = 899088A424BEC4360023F798 /* AppDelegate.swift */; };
		899088A724BEC4360023F798 /* SceneDelegate.swift in Sources */ = {isa = PBXBuildFile; fileRef = 899088A624BEC4360023F798 /* SceneDelegate.swift */; };
		899088A924BEC4360023F798 /* ViewController.swift in Sources */ = {isa = PBXBuildFile; fileRef = 899088A824BEC4360023F798 /* ViewController.swift */; };
		899088AC24BEC4360023F798 /* Main.storyboard in Resources */ = {isa = PBXBuildFile; fileRef = 899088AA24BEC4360023F798 /* Main.storyboard */; };
		899088AE24BEC43A0023F798 /* Assets.xcassets in Resources */ = {isa = PBXBuildFile; fileRef = 899088AD24BEC43A0023F798 /* Assets.xcassets */; };
		899088B124BEC43A0023F798 /* LaunchScreen.storyboard in Resources */ = {isa = PBXBuildFile; fileRef = 899088AF24BEC43A0023F798 /* LaunchScreen.storyboard */; };
		899088BC24BEC43B0023F798 /* LentaAppTests.swift in Sources */ = {isa = PBXBuildFile; fileRef = 899088BB24BEC43B0023F798 /* LentaAppTests.swift */; };
		899088C724BEC43B0023F798 /* LentaAppUITests.swift in Sources */ = {isa = PBXBuildFile; fileRef = 899088C624BEC43B0023F798 /* LentaAppUITests.swift */; };
/* End PBXBuildFile section */

/* Begin PBXContainerItemProxy section */
		899088B824BEC43B0023F798 /* PBXContainerItemProxy */ = {
			isa = PBXContainerItemProxy;
			containerPortal = 8990889924BEC4360023F798 /* Project object */;
			proxyType = 1;
			remoteGlobalIDString = 899088A024BEC4360023F798;
			remoteInfo = LentaApp;
		};
		899088C324BEC43B0023F798 /* PBXContainerItemProxy */ = {
			isa = PBXContainerItemProxy;
			containerPortal = 8990889924BEC4360023F798 /* Project object */;
			proxyType = 1;
			remoteGlobalIDString = 899088A024BEC4360023F798;
			remoteInfo = LentaApp;
		};
/* End PBXContainerItemProxy section */

/* Begin PBXFileReference section */
		899088A124BEC4360023F798 /* LentaApp.app */ = {isa = PBXFileReference; explicitFileType = wrapper.application; includeInIndex = 0; path = LentaApp.app; sourceTree = BUILT_PRODUCTS_DIR; };
		899088A424BEC4360023F798 /* AppDelegate.swift */ = {isa = PBXFileReference; lastKnownFileType = sourcecode.swift; path = AppDelegate.swift; sourceTree = "<group>"; };
		899088A624BEC4360023F798 /* SceneDelegate.swift */ = {isa = PBXFileReference; lastKnownFileType = sourcecode.swift; path = SceneDelegate.swift; sourceTree = "<group>"; };
		899088A824BEC4360023F798 /* ViewController.swift */ = {isa = PBXFileReference; lastKnownFileType = sourcecode.swift; path = ViewController.swift; sourceTree = "<group>"; };
		899088AB24BEC4360023F798 /* Base */ = {isa = PBXFileReference; lastKnownFileType = file.storyboard; name = Base; path = Base.lproj/Main.storyboard; sourceTree = "<group>"; };
		899088AD24BEC43A0023F798 /* Assets.xcassets */ = {isa = PBXFileReference; lastKnownFileType = folder.assetcatalog; path = Assets.xcassets; sourceTree = "<group>"; };
		899088B024BEC43A0023F798 /* Base */ = {isa = PBXFileReference; lastKnownFileType = file.storyboard; name = Base; path = Base.lproj/LaunchScreen.storyboard; sourceTree = "<group>"; };
		899088B224BEC43A0023F798 /* Info.plist */ = {isa = PBXFileReference; lastKnownFileType = text.plist.xml; path = Info.plist; sourceTree = "<group>"; };
		899088B724BEC43B0023F798 /* LentaAppTests.xctest */ = {isa = PBXFileReference; explicitFileType = wrapper.cfbundle; includeInIndex = 0; path = LentaAppTests.xctest; sourceTree = BUILT_PRODUCTS_DIR; };
		899088BB24BEC43B0023F798 /* LentaAppTests.swift */ = {isa = PBXFileReference; lastKnownFileType = sourcecode.swift; path = LentaAppTests.swift; sourceTree = "<group>"; };
		899088BD24BEC43B0023F798 /* Info.plist */ = {isa = PBXFileReference; lastKnownFileType = text.plist.xml; path = Info.plist; sourceTree = "<group>"; };
		899088C224BEC43B0023F798 /* LentaAppUITests.xctest */ = {isa = PBXFileReference; explicitFileType = wrapper.cfbundle; includeInIndex = 0; path = LentaAppUITests.xctest; sourceTree = BUILT_PRODUCTS_DIR; };
		899088C624BEC43B0023F798 /* LentaAppUITests.swift */ = {isa = PBXFileReference; lastKnownFileType = sourcecode.swift; path = LentaAppUITests.swift; sourceTree = "<group>"; };
		899088C824BEC43B0023F798 /* Info.plist */ = {isa = PBXFileReference; lastKnownFileType = text.plist.xml; path = Info.plist; sourceTree = "<group>"; };
/* End PBXFileReference section */

/* Begin PBXFrameworksBuildPhase section */
		8990889E24BEC4360023F798 /* Frameworks */ = {
			isa = PBXFrameworksBuildPhase;
			buildActionMask = 2147483647;
			files = (
			);
			runOnlyForDeploymentPostprocessing = 0;
		};
		899088B424BEC43B0023F798 /* Frameworks */ = {
			isa = PBXFrameworksBuildPhase;
			buildActionMask = 2147483647;
			files = (
			);
			runOnlyForDeploymentPostprocessing = 0;
		};
		899088BF24BEC43B0023F798 /* Frameworks */ = {
			isa = PBXFrameworksBuildPhase;
			buildActionMask = 2147483647;
			files = (
			);
			runOnlyForDeploymentPostprocessing = 0;
		};
/* End PBXFrameworksBuildPhase section */

/* Begin PBXGroup section */
		8990889824BEC4360023F798 = {
			isa = PBXGroup;
			children = (
				899088A324BEC4360023F798 /* LentaApp */,
				899088BA24BEC43B0023F798 /* LentaAppTests */,
				899088C524BEC43B0023F798 /* LentaAppUITests */,
				899088A224BEC4360023F798 /* Products */,
			);
			sourceTree = "<group>";
		};
		899088A224BEC4360023F798 /* Products */ = {
			isa = PBXGroup;
			children = (
				899088A124BEC4360023F798 /* LentaApp.app */,
				899088B724BEC43B0023F798 /* LentaAppTests.xctest */,
				899088C224BEC43B0023F798 /* LentaAppUITests.xctest */,
			);
			name = Products;
			sourceTree = "<group>";
		};
		899088A324BEC4360023F798 /* LentaApp */ = {
			isa = PBXGroup;
			children = (
				899088A424BEC4360023F798 /* AppDelegate.swift */,
				899088A624BEC4360023F798 /* SceneDelegate.swift */,
				899088A824BEC4360023F798 /* ViewController.swift */,
				899088AA24BEC4360023F798 /* Main.storyboard */,
				899088AD24BEC43A0023F798 /* Assets.xcassets */,
				899088AF24BEC43A0023F798 /* LaunchScreen.storyboard */,
				899088B224BEC43A0023F798 /* Info.plist */,
			);
			path = LentaApp;
			sourceTree = "<group>";
		};
		899088BA24BEC43B0023F798 /* LentaAppTests */ = {
			isa = PBXGroup;
			children = (
				899088BB24BEC43B0023F798 /* LentaAppTests.swift */,
				899088BD24BEC43B0023F798 /* Info.plist */,
			);
			path = LentaAppTests;
			sourceTree = "<group>";
		};
		899088C524BEC43B0023F798 /* LentaAppUITests */ = {
			isa = PBXGroup;
			children = (
				899088C624BEC43B0023F798 /* LentaAppUITests.swift */,
				899088C824BEC43B0023F798 /* Info.plist */,
			);
			path = LentaAppUITests;
			sourceTree = "<group>";
		};
/* End PBXGroup section */

/* Begin PBXNativeTarget section */
		899088A024BEC4360023F798 /* LentaApp */ = {
			isa = PBXNativeTarget;
			buildConfigurationList = 899088CB24BEC43B0023F798 /* Build configuration list for PBXNativeTarget "LentaApp" */;
			buildPhases = (
				8990889D24BEC4360023F798 /* Sources */,
				8990889E24BEC4360023F798 /* Frameworks */,
				8990889F24BEC4360023F798 /* Resources */,
			);
			buildRules = (
			);
			dependencies = (
			);
			name = LentaApp;
			productName = LentaApp;
			productReference = 899088A124BEC4360023F798 /* LentaApp.app */;
			productType = "com.apple.product-type.application";
		};
		899088B624BEC43B0023F798 /* LentaAppTests */ = {
			isa = PBXNativeTarget;
			buildConfigurationList = 899088CE24BEC43B0023F798 /* Build configuration list for PBXNativeTarget "LentaAppTests" */;
			buildPhases = (
				899088B324BEC43B0023F798 /* Sources */,
				899088B424BEC43B0023F798 /* Frameworks */,
				899088B524BEC43B0023F798 /* Resources */,
			);
			buildRules = (
			);
			dependencies = (
				899088B924BEC43B0023F798 /* PBXTargetDependency */,
			);
			name = LentaAppTests;
			productName = LentaAppTests;
			productReference = 899088B724BEC43B0023F798 /* LentaAppTests.xctest */;
			productType = "com.apple.product-type.bundle.unit-test";
		};
		899088C124BEC43B0023F798 /* LentaAppUITests */ = {
			isa = PBXNativeTarget;
			buildConfigurationList = 899088D124BEC43B0023F798 /* Build configuration list for PBXNativeTarget "LentaAppUITests" */;
			buildPhases = (
				899088BE24BEC43B0023F798 /* Sources */,
				899088BF24BEC43B0023F798 /* Frameworks */,
				899088C024BEC43B0023F798 /* Resources */,
			);
			buildRules = (
			);
			dependencies = (
				899088C424BEC43B0023F798 /* PBXTargetDependency */,
			);
			name = LentaAppUITests;
			productName = LentaAppUITests;
			productReference = 899088C224BEC43B0023F798 /* LentaAppUITests.xctest */;
			productType = "com.apple.product-type.bundle.ui-testing";
		};
/* End PBXNativeTarget section */

/* Begin PBXProject section */
		8990889924BEC4360023F798 /* Project object */ = {
			isa = PBXProject;
			attributes = {
				LastSwiftUpdateCheck = 1150;
				LastUpgradeCheck = 1150;
				ORGANIZATIONNAME = "Sultangazy Bukharbay";
				TargetAttributes = {
					899088A024BEC4360023F798 = {
						CreatedOnToolsVersion = 11.5;
					};
					899088B624BEC43B0023F798 = {
						CreatedOnToolsVersion = 11.5;
						TestTargetID = 899088A024BEC4360023F798;
					};
					899088C124BEC43B0023F798 = {
						CreatedOnToolsVersion = 11.5;
						TestTargetID = 899088A024BEC4360023F798;
					};
				};
			};
			buildConfigurationList = 8990889C24BEC4360023F798 /* Build configuration list for PBXProject "LentaApp" */;
			compatibilityVersion = "Xcode 9.3";
			developmentRegion = en;
			hasScannedForEncodings = 0;
			knownRegions = (
				en,
				Base,
			);
			mainGroup = 8990889824BEC4360023F798;
			productRefGroup = 899088A224BEC4360023F798 /* Products */;
			projectDirPath = "";
			projectRoot = "";
			targets = (
				899088A024BEC4360023F798 /* LentaApp */,
				899088B624BEC43B0023F798 /* LentaAppTests */,
				899088C124BEC43B0023F798 /* LentaAppUITests */,
			);
		};
/* End PBXProject section */

/* Begin PBXResourcesBuildPhase section */
		8990889F24BEC4360023F798 /* Resources */ = {
			isa = PBXResourcesBuildPhase;
			buildActionMask = 2147483647;
			files = (
				899088B124BEC43A0023F798 /* LaunchScreen.storyboard in Resources */,
				899088AE24BEC43A0023F798 /* Assets.xcassets in Resources */,
				899088AC24BEC4360023F798 /* Main.storyboard in Resources */,
			);
			runOnlyForDeploymentPostprocessing = 0;
		};
		899088B524BEC43B0023F798 /* Resources */ = {
			isa = PBXResourcesBuildPhase;
			buildActionMask = 2147483647;
			files = (
			);
			runOnlyForDeploymentPostprocessing = 0;
		};
		899088C024BEC43B0023F798 /* Resources */ = {
			isa = PBXResourcesBuildPhase;
			buildActionMask = 2147483647;
			files = (
			);
			runOnlyForDeploymentPostprocessing = 0;
		};
/* End PBXResourcesBuildPhase section */

/* Begin PBXSourcesBuildPhase section */
		8990889D24BEC4360023F798 /* Sources */ = {
			isa = PBXSourcesBuildPhase;
			buildActionMask = 2147483647;
			files = (
				899088A924BEC4360023F798 /* ViewController.swift in Sources */,
				899088A524BEC4360023F798 /* AppDelegate.swift in Sources */,
				899088A724BEC4360023F798 /* SceneDelegate.swift in Sources */,
			);
			runOnlyForDeploymentPostprocessing = 0;
		};
		899088B324BEC43B0023F798 /* Sources */ = {
			isa = PBXSourcesBuildPhase;
			buildActionMask = 2147483647;
			files = (
				899088BC24BEC43B0023F798 /* LentaAppTests.swift in Sources */,
			);
			runOnlyForDeploymentPostprocessing = 0;
		};
		899088BE24BEC43B0023F798 /* Sources */ = {
			isa = PBXSourcesBuildPhase;
			buildActionMask = 2147483647;
			files = (
				899088C724BEC43B0023F798 /* LentaAppUITests.swift in Sources */,
			);
			runOnlyForDeploymentPostprocessing = 0;
		};
/* End PBXSourcesBuildPhase section */

/* Begin PBXTargetDependency section */
		899088B924BEC43B0023F798 /* PBXTargetDependency */ = {
			isa = PBXTargetDependency;
			target = 899088A024BEC4360023F798 /* LentaApp */;
			targetProxy = 899088B824BEC43B0023F798 /* PBXContainerItemProxy */;
		};
		899088C424BEC43B0023F798 /* PBXTargetDependency */ = {
			isa = PBXTargetDependency;
			target = 899088A024BEC4360023F798 /* LentaApp */;
			targetProxy = 899088C324BEC43B0023F798 /* PBXContainerItemProxy */;
		};
/* End PBXTargetDependency section */

/* Begin PBXVariantGroup section */
		899088AA24BEC4360023F798 /* Main.storyboard */ = {
			isa = PBXVariantGroup;
			children = (
				899088AB24BEC4360023F798 /* Base */,
			);
			name = Main.storyboard;
			sourceTree = "<group>";
		};
		899088AF24BEC43A0023F798 /* LaunchScreen.storyboard */ = {
			isa = PBXVariantGroup;
			children = (
				899088B024BEC43A0023F798 /* Base */,
			);
			name = LaunchScreen.storyboard;
			sourceTree = "<group>";
		};
/* End PBXVariantGroup section */

/* Begin XCBuildConfiguration section */
		899088C924BEC43B0023F798 /* Debug */ = {
			isa = XCBuildConfiguration;
			buildSettings = {
				ALWAYS_SEARCH_USER_PATHS = NO;
				CLANG_ANALYZER_NONNULL = YES;
				CLANG_ANALYZER_NUMBER_OBJECT_CONVERSION = YES_AGGRESSIVE;
				CLANG_CXX_LANGUAGE_STANDARD = "gnu++14";
				CLANG_CXX_LIBRARY = "libc++";
				CLANG_ENABLE_MODULES = YES;
				CLANG_ENABLE_OBJC_ARC = YES;
				CLANG_ENABLE_OBJC_WEAK = YES;
				CLANG_WARN_BLOCK_CAPTURE_AUTORELEASING = YES;
				CLANG_WARN_BOOL_CONVERSION = YES;
				CLANG_WARN_COMMA = YES;
				CLANG_WARN_CONSTANT_CONVERSION = YES;
				CLANG_WARN_DEPRECATED_OBJC_IMPLEMENTATIONS = YES;
				CLANG_WARN_DIRECT_OBJC_ISA_USAGE = YES_ERROR;
				CLANG_WARN_DOCUMENTATION_COMMENTS = YES;
				CLANG_WARN_EMPTY_BODY = YES;
				CLANG_WARN_ENUM_CONVERSION = YES;
				CLANG_WARN_INFINITE_RECURSION = YES;
				CLANG_WARN_INT_CONVERSION = YES;
				CLANG_WARN_NON_LITERAL_NULL_CONVERSION = YES;
				CLANG_WARN_OBJC_IMPLICIT_RETAIN_SELF = YES;
				CLANG_WARN_OBJC_LITERAL_CONVERSION = YES;
				CLANG_WARN_OBJC_ROOT_CLASS = YES_ERROR;
				CLANG_WARN_RANGE_LOOP_ANALYSIS = YES;
				CLANG_WARN_STRICT_PROTOTYPES = YES;
				CLANG_WARN_SUSPICIOUS_MOVE = YES;
				CLANG_WARN_UNGUARDED_AVAILABILITY = YES_AGGRESSIVE;
				CLANG_WARN_UNREACHABLE_CODE = YES;
				CLANG_WARN__DUPLICATE_METHOD_MATCH = YES;
				COPY_PHASE_STRIP = NO;
				DEBUG_INFORMATION_FORMAT = dwarf;
				ENABLE_STRICT_OBJC_MSGSEND = YES;
				ENABLE_TESTABILITY = YES;
				GCC_C_LANGUAGE_STANDARD = gnu11;
				GCC_DYNAMIC_NO_PIC = NO;
				GCC_NO_COMMON_BLOCKS = YES;
				GCC_OPTIMIZATION_LEVEL = 0;
				GCC_PREPROCESSOR_DEFINITIONS = (
					"DEBUG=1",
					"$(inherited)",
				);
				GCC_WARN_64_TO_32_BIT_CONVERSION = YES;
				GCC_WARN_ABOUT_RETURN_TYPE = YES_ERROR;
				GCC_WARN_UNDECLARED_SELECTOR = YES;
				GCC_WARN_UNINITIALIZED_AUTOS = YES_AGGRESSIVE;
				GCC_WARN_UNUSED_FUNCTION = YES;
				GCC_WARN_UNUSED_VARIABLE = YES;
				IPHONEOS_DEPLOYMENT_TARGET = 13.5;
				MTL_ENABLE_DEBUG_INFO = INCLUDE_SOURCE;
				MTL_FAST_MATH = YES;
				ONLY_ACTIVE_ARCH = YES;
				SDKROOT = iphoneos;
				SWIFT_ACTIVE_COMPILATION_CONDITIONS = DEBUG;
				SWIFT_OPTIMIZATION_LEVEL = "-Onone";
			};
			name = Debug;
		};
		899088CA24BEC43B0023F798 /* Release */ = {
			isa = XCBuildConfiguration;
			buildSettings = {
				ALWAYS_SEARCH_USER_PATHS = NO;
				CLANG_ANALYZER_NONNULL = YES;
				CLANG_ANALYZER_NUMBER_OBJECT_CONVERSION = YES_AGGRESSIVE;
				CLANG_CXX_LANGUAGE_STANDARD = "gnu++14";
				CLANG_CXX_LIBRARY = "libc++";
				CLANG_ENABLE_MODULES = YES;
				CLANG_ENABLE_OBJC_ARC = YES;
				CLANG_ENABLE_OBJC_WEAK = YES;
				CLANG_WARN_BLOCK_CAPTURE_AUTORELEASING = YES;
				CLANG_WARN_BOOL_CONVERSION = YES;
				CLANG_WARN_COMMA = YES;
				CLANG_WARN_CONSTANT_CONVERSION = YES;
				CLANG_WARN_DEPRECATED_OBJC_IMPLEMENTATIONS = YES;
				CLANG_WARN_DIRECT_OBJC_ISA_USAGE = YES_ERROR;
				CLANG_WARN_DOCUMENTATION_COMMENTS = YES;
				CLANG_WARN_EMPTY_BODY = YES;
				CLANG_WARN_ENUM_CONVERSION = YES;
				CLANG_WARN_INFINITE_RECURSION = YES;
				CLANG_WARN_INT_CONVERSION = YES;
				CLANG_WARN_NON_LITERAL_NULL_CONVERSION = YES;
				CLANG_WARN_OBJC_IMPLICIT_RETAIN_SELF = YES;
				CLANG_WARN_OBJC_LITERAL_CONVERSION = YES;
				CLANG_WARN_OBJC_ROOT_CLASS = YES_ERROR;
				CLANG_WARN_RANGE_LOOP_ANALYSIS = YES;
				CLANG_WARN_STRICT_PROTOTYPES = YES;
				CLANG_WARN_SUSPICIOUS_MOVE = YES;
				CLANG_WARN_UNGUARDED_AVAILABILITY = YES_AGGRESSIVE;
				CLANG_WARN_UNREACHABLE_CODE = YES;
				CLANG_WARN__DUPLICATE_METHOD_MATCH = YES;
				COPY_PHASE_STRIP = NO;
				DEBUG_INFORMATION_FORMAT = "dwarf-with-dsym";
				ENABLE_NS_ASSERTIONS = NO;
				ENABLE_STRICT_OBJC_MSGSEND = YES;
				GCC_C_LANGUAGE_STANDARD = gnu11;
				GCC_NO_COMMON_BLOCKS = YES;
				GCC_WARN_64_TO_32_BIT_CONVERSION = YES;
				GCC_WARN_ABOUT_RETURN_TYPE = YES_ERROR;
				GCC_WARN_UNDECLARED_SELECTOR = YES;
				GCC_WARN_UNINITIALIZED_AUTOS = YES_AGGRESSIVE;
				GCC_WARN_UNUSED_FUNCTION = YES;
				GCC_WARN_UNUSED_VARIABLE = YES;
				IPHONEOS_DEPLOYMENT_TARGET = 13.5;
				MTL_ENABLE_DEBUG_INFO = NO;
				MTL_FAST_MATH = YES;
				SDKROOT = iphoneos;
				SWIFT_COMPILATION_MODE = wholemodule;
				SWIFT_OPTIMIZATION_LEVEL = "-O";
				VALIDATE_PRODUCT = YES;
			};
			name = Release;
		};
		899088CC24BEC43B0023F798 /* Debug */ = {
			isa = XCBuildConfiguration;
			buildSettings = {
				ASSETCATALOG_COMPILER_APPICON_NAME = AppIcon;
				CODE_SIGN_STYLE = Automatic;
				DEVELOPMENT_TEAM = S864U9W8L7;
				INFOPLIST_FILE = LentaApp/Info.plist;
				LD_RUNPATH_SEARCH_PATHS = (
					"$(inherited)",
					"@executable_path/Frameworks",
				);
				PRODUCT_BUNDLE_IDENTIFIER = testing.LentaApp;
				PRODUCT_NAME = "$(TARGET_NAME)";
				SWIFT_VERSION = 5.0;
				TARGETED_DEVICE_FAMILY = "1,2";
			};
			name = Debug;
		};
		899088CD24BEC43B0023F798 /* Release */ = {
			isa = XCBuildConfiguration;
			buildSettings = {
				ASSETCATALOG_COMPILER_APPICON_NAME = AppIcon;
				CODE_SIGN_STYLE = Automatic;
				DEVELOPMENT_TEAM = S864U9W8L7;
				INFOPLIST_FILE = LentaApp/Info.plist;
				LD_RUNPATH_SEARCH_PATHS = (
					"$(inherited)",
					"@executable_path/Frameworks",
				);
				PRODUCT_BUNDLE_IDENTIFIER = testing.LentaApp;
				PRODUCT_NAME = "$(TARGET_NAME)";
				SWIFT_VERSION = 5.0;
				TARGETED_DEVICE_FAMILY = "1,2";
			};
			name = Release;
		};
		899088CF24BEC43B0023F798 /* Debug */ = {
			isa = XCBuildConfiguration;
			buildSettings = {
				ALWAYS_EMBED_SWIFT_STANDARD_LIBRARIES = YES;
				BUNDLE_LOADER = "$(TEST_HOST)";
				CODE_SIGN_STYLE = Automatic;
				DEVELOPMENT_TEAM = S864U9W8L7;
				INFOPLIST_FILE = LentaAppTests/Info.plist;
				IPHONEOS_DEPLOYMENT_TARGET = 13.5;
				LD_RUNPATH_SEARCH_PATHS = (
					"$(inherited)",
					"@executable_path/Frameworks",
					"@loader_path/Frameworks",
				);
				PRODUCT_BUNDLE_IDENTIFIER = testing.LentaAppTests;
				PRODUCT_NAME = "$(TARGET_NAME)";
				SWIFT_VERSION = 5.0;
				TARGETED_DEVICE_FAMILY = "1,2";
				TEST_HOST = "$(BUILT_PRODUCTS_DIR)/LentaApp.app/LentaApp";
			};
			name = Debug;
		};
		899088D024BEC43B0023F798 /* Release */ = {
			isa = XCBuildConfiguration;
			buildSettings = {
				ALWAYS_EMBED_SWIFT_STANDARD_LIBRARIES = YES;
				BUNDLE_LOADER = "$(TEST_HOST)";
				CODE_SIGN_STYLE = Automatic;
				DEVELOPMENT_TEAM = S864U9W8L7;
				INFOPLIST_FILE = LentaAppTests/Info.plist;
				IPHONEOS_DEPLOYMENT_TARGET = 13.5;
				LD_RUNPATH_SEARCH_PATHS = (
					"$(inherited)",
					"@executable_path/Frameworks",
					"@loader_path/Frameworks",
				);
				PRODUCT_BUNDLE_IDENTIFIER = testing.LentaAppTests;
				PRODUCT_NAME = "$(TARGET_NAME)";
				SWIFT_VERSION = 5.0;
				TARGETED_DEVICE_FAMILY = "1,2";
				TEST_HOST = "$(BUILT_PRODUCTS_DIR)/LentaApp.app/LentaApp";
			};
			name = Release;
		};
		899088D224BEC43B0023F798 /* Debug */ = {
			isa = XCBuildConfiguration;
			buildSettings = {
				ALWAYS_EMBED_SWIFT_STANDARD_LIBRARIES = YES;
				CODE_SIGN_STYLE = Automatic;
				DEVELOPMENT_TEAM = S864U9W8L7;
				INFOPLIST_FILE = LentaAppUITests/Info.plist;
				LD_RUNPATH_SEARCH_PATHS = (
					"$(inherited)",
					"@executable_path/Frameworks",
					"@loader_path/Frameworks",
				);
				PRODUCT_BUNDLE_IDENTIFIER = testing.LentaAppUITests;
				PRODUCT_NAME = "$(TARGET_NAME)";
				SWIFT_VERSION = 5.0;
				TARGETED_DEVICE_FAMILY = "1,2";
				TEST_TARGET_NAME = LentaApp;
			};
			name = Debug;
		};
		899088D324BEC43B0023F798 /* Release */ = {
			isa = XCBuildConfiguration;
			buildSettings = {
				ALWAYS_EMBED_SWIFT_STANDARD_LIBRARIES = YES;
				CODE_SIGN_STYLE = Automatic;
				DEVELOPMENT_TEAM = S864U9W8L7;
				INFOPLIST_FILE = LentaAppUITests/Info.plist;
				LD_RUNPATH_SEARCH_PATHS = (
					"$(inherited)",
					"@executable_path/Frameworks",
					"@loader_path/Frameworks",
				);
				PRODUCT_BUNDLE_IDENTIFIER = testing.LentaAppUITests;
				PRODUCT_NAME = "$(TARGET_NAME)";
				SWIFT_VERSION = 5.0;
				TARGETED_DEVICE_FAMILY = "1,2";
				TEST_TARGET_NAME = LentaApp;
			};
			name = Release;
		};
/* End XCBuildConfiguration section */

/* Begin XCConfigurationList section */
		8990889C24BEC4360023F798 /* Build configuration list for PBXProject "LentaApp" */ = {
			isa = XCConfigurationList;
			buildConfigurations = (
				899088C924BEC43B0023F798 /* Debug */,
				899088CA24BEC43B0023F798 /* Release */,
			);
			defaultConfigurationIsVisible = 0;
			defaultConfigurationName = Release;
		};
		899088CB24BEC43B0023F798 /* Build configuration list for PBXNativeTarget "LentaApp" */ = {
			isa = XCConfigurationList;
			buildConfigurations = (
				899088CC24BEC43B0023F798 /* Debug */,
				899088CD24BEC43B0023F798 /* Release */,
			);
			defaultConfigurationIsVisible = 0;
			defaultConfigurationName = Release;
		};
		899088CE24BEC43B0023F798 /* Build configuration list for PBXNativeTarget "LentaAppTests" */ = {
			isa = XCConfigurationList;
			buildConfigurations = (
				899088CF24BEC43B0023F798 /* Debug */,
				899088D024BEC43B0023F798 /* Release */,
			);
			defaultConfigurationIsVisible = 0;
			defaultConfigurationName = Release;
		};
		899088D124BEC43B0023F798 /* Build configuration list for PBXNativeTarget "LentaAppUITests" */ = {
			isa = XCConfigurationList;
			buildConfigurations = (
				899088D224BEC43B0023F798 /* Debug */,
				899088D324BEC43B0023F798 /* Release */,
			);
			defaultConfigurationIsVisible = 0;
			defaultConfigurationName = Release;
		};
/* End XCConfigurationList section */
	};
	rootObject = 8990889924BEC4360023F798 /* Project object */;
}
